// !$*UTF8*$!
{
	archiveVersion = 1;
	classes = {
	};
	objectVersion = 55;
	objects = {

/* Begin PBXBuildFile section */
		9A774F862947A09100974979 /* GameListModel.swift in Sources */ = {isa = PBXBuildFile; fileRef = 9A774F852947A09100974979 /* GameListModel.swift */; };
		9AEE9B22293F99D80030CAA9 /* AppDelegate.swift in Sources */ = {isa = PBXBuildFile; fileRef = 9AEE9B21293F99D80030CAA9 /* AppDelegate.swift */; };
		9AEE9B24293F99D80030CAA9 /* SceneDelegate.swift in Sources */ = {isa = PBXBuildFile; fileRef = 9AEE9B23293F99D80030CAA9 /* SceneDelegate.swift */; };
		9AEE9B29293F99D80030CAA9 /* Main.storyboard in Resources */ = {isa = PBXBuildFile; fileRef = 9AEE9B27293F99D80030CAA9 /* Main.storyboard */; };
		9AEE9B2C293F99D80030CAA9 /* GameCriticsApp.xcdatamodeld in Sources */ = {isa = PBXBuildFile; fileRef = 9AEE9B2A293F99D80030CAA9 /* GameCriticsApp.xcdatamodeld */; };
		9AEE9B2E293F99D90030CAA9 /* Assets.xcassets in Resources */ = {isa = PBXBuildFile; fileRef = 9AEE9B2D293F99D90030CAA9 /* Assets.xcassets */; };
		9AEE9B31293F99D90030CAA9 /* LaunchScreen.storyboard in Resources */ = {isa = PBXBuildFile; fileRef = 9AEE9B2F293F99D90030CAA9 /* LaunchScreen.storyboard */; };
		9AEE9B3C293F99DA0030CAA9 /* GameCriticsAppTests.swift in Sources */ = {isa = PBXBuildFile; fileRef = 9AEE9B3B293F99DA0030CAA9 /* GameCriticsAppTests.swift */; };
		9AEE9B46293F99DA0030CAA9 /* GameCriticsAppUITests.swift in Sources */ = {isa = PBXBuildFile; fileRef = 9AEE9B45293F99DA0030CAA9 /* GameCriticsAppUITests.swift */; };
		9AEE9B48293F99DA0030CAA9 /* GameCriticsAppUITestsLaunchTests.swift in Sources */ = {isa = PBXBuildFile; fileRef = 9AEE9B47293F99DA0030CAA9 /* GameCriticsAppUITestsLaunchTests.swift */; };
		9AEE9B68293FA4C00030CAA9 /* GameListViewController.swift in Sources */ = {isa = PBXBuildFile; fileRef = 9AEE9B67293FA4C00030CAA9 /* GameListViewController.swift */; };
		9AEE9B6B293FAC280030CAA9 /* GameListTableViewCell.swift in Sources */ = {isa = PBXBuildFile; fileRef = 9AEE9B69293FAC270030CAA9 /* GameListTableViewCell.swift */; };
		9AFF90742948C8FF00EF8FC0 /* GetGameListResponseModel.swift in Sources */ = {isa = PBXBuildFile; fileRef = 9AFF90732948C8FF00EF8FC0 /* GetGameListResponseModel.swift */; };
		9AFF90762948CB5700EF8FC0 /* GameDBClient.swift in Sources */ = {isa = PBXBuildFile; fileRef = 9AFF90752948CB5700EF8FC0 /* GameDBClient.swift */; };
		9AFF90782948CCBB00EF8FC0 /* Constants.swift in Sources */ = {isa = PBXBuildFile; fileRef = 9AFF90772948CCBB00EF8FC0 /* Constants.swift */; };
		9AFF907A2948CDC800EF8FC0 /* GameDetailModel.swift in Sources */ = {isa = PBXBuildFile; fileRef = 9AFF90792948CDC800EF8FC0 /* GameDetailModel.swift */; };
		9AFF907C2948D09500EF8FC0 /* GameListViewModel.swift in Sources */ = {isa = PBXBuildFile; fileRef = 9AFF907B2948D09500EF8FC0 /* GameListViewModel.swift */; };
		9AFF90802948E16F00EF8FC0 /* GameDetailViewController.swift in Sources */ = {isa = PBXBuildFile; fileRef = 9AFF907F2948E16F00EF8FC0 /* GameDetailViewController.swift */; };
		A9F525ED0584B595DE699144 /* Pods_GameCriticsAppTests.framework in Frameworks */ = {isa = PBXBuildFile; fileRef = 26230C1D9A466F5A6A5600EE /* Pods_GameCriticsAppTests.framework */; };
		B01476E8AEE41ACABBF3C492 /* Pods_GameCriticsApp.framework in Frameworks */ = {isa = PBXBuildFile; fileRef = A841B26AC16995629D721CB4 /* Pods_GameCriticsApp.framework */; };
		B0B3E4AE760175AFBB98092E /* Pods_GameCriticsApp_GameCriticsAppUITests.framework in Frameworks */ = {isa = PBXBuildFile; fileRef = F9DACD1BA340E7629B9E2024 /* Pods_GameCriticsApp_GameCriticsAppUITests.framework */; };
/* End PBXBuildFile section */

/* Begin PBXContainerItemProxy section */
		9AEE9B38293F99DA0030CAA9 /* PBXContainerItemProxy */ = {
			isa = PBXContainerItemProxy;
			containerPortal = 9AEE9B16293F99D80030CAA9 /* Project object */;
			proxyType = 1;
			remoteGlobalIDString = 9AEE9B1D293F99D80030CAA9;
			remoteInfo = GameCriticsApp;
		};
		9AEE9B42293F99DA0030CAA9 /* PBXContainerItemProxy */ = {
			isa = PBXContainerItemProxy;
			containerPortal = 9AEE9B16293F99D80030CAA9 /* Project object */;
			proxyType = 1;
			remoteGlobalIDString = 9AEE9B1D293F99D80030CAA9;
			remoteInfo = GameCriticsApp;
		};
/* End PBXContainerItemProxy section */

/* Begin PBXFileReference section */
		02E78E7A9E5E5916228B4EC7 /* Pods-GameCriticsApp-GameCriticsAppUITests.debug.xcconfig */ = {isa = PBXFileReference; includeInIndex = 1; lastKnownFileType = text.xcconfig; name = "Pods-GameCriticsApp-GameCriticsAppUITests.debug.xcconfig"; path = "Target Support Files/Pods-GameCriticsApp-GameCriticsAppUITests/Pods-GameCriticsApp-GameCriticsAppUITests.debug.xcconfig"; sourceTree = "<group>"; };
		0F43C9843EB0DC5E134AA42C /* Pods-GameCriticsApp.release.xcconfig */ = {isa = PBXFileReference; includeInIndex = 1; lastKnownFileType = text.xcconfig; name = "Pods-GameCriticsApp.release.xcconfig"; path = "Target Support Files/Pods-GameCriticsApp/Pods-GameCriticsApp.release.xcconfig"; sourceTree = "<group>"; };
		26230C1D9A466F5A6A5600EE /* Pods_GameCriticsAppTests.framework */ = {isa = PBXFileReference; explicitFileType = wrapper.framework; includeInIndex = 0; path = Pods_GameCriticsAppTests.framework; sourceTree = BUILT_PRODUCTS_DIR; };
		88EA0384E7EA6CC9FCBF141D /* Pods-GameCriticsApp.debug.xcconfig */ = {isa = PBXFileReference; includeInIndex = 1; lastKnownFileType = text.xcconfig; name = "Pods-GameCriticsApp.debug.xcconfig"; path = "Target Support Files/Pods-GameCriticsApp/Pods-GameCriticsApp.debug.xcconfig"; sourceTree = "<group>"; };
		975AEB2B44EE28F05E42AC2A /* Pods-GameCriticsAppTests.debug.xcconfig */ = {isa = PBXFileReference; includeInIndex = 1; lastKnownFileType = text.xcconfig; name = "Pods-GameCriticsAppTests.debug.xcconfig"; path = "Target Support Files/Pods-GameCriticsAppTests/Pods-GameCriticsAppTests.debug.xcconfig"; sourceTree = "<group>"; };
		9A774F852947A09100974979 /* GameListModel.swift */ = {isa = PBXFileReference; lastKnownFileType = sourcecode.swift; path = GameListModel.swift; sourceTree = "<group>"; };
		9AEE9B1E293F99D80030CAA9 /* GameCriticsApp.app */ = {isa = PBXFileReference; explicitFileType = wrapper.application; includeInIndex = 0; path = GameCriticsApp.app; sourceTree = BUILT_PRODUCTS_DIR; };
		9AEE9B21293F99D80030CAA9 /* AppDelegate.swift */ = {isa = PBXFileReference; lastKnownFileType = sourcecode.swift; path = AppDelegate.swift; sourceTree = "<group>"; };
		9AEE9B23293F99D80030CAA9 /* SceneDelegate.swift */ = {isa = PBXFileReference; lastKnownFileType = sourcecode.swift; path = SceneDelegate.swift; sourceTree = "<group>"; };
		9AEE9B28293F99D80030CAA9 /* Base */ = {isa = PBXFileReference; lastKnownFileType = file.storyboard; name = Base; path = Base.lproj/Main.storyboard; sourceTree = "<group>"; };
		9AEE9B2B293F99D80030CAA9 /* GameCriticsApp.xcdatamodel */ = {isa = PBXFileReference; lastKnownFileType = wrapper.xcdatamodel; path = GameCriticsApp.xcdatamodel; sourceTree = "<group>"; };
		9AEE9B2D293F99D90030CAA9 /* Assets.xcassets */ = {isa = PBXFileReference; lastKnownFileType = folder.assetcatalog; path = Assets.xcassets; sourceTree = "<group>"; };
		9AEE9B30293F99D90030CAA9 /* Base */ = {isa = PBXFileReference; lastKnownFileType = file.storyboard; name = Base; path = Base.lproj/LaunchScreen.storyboard; sourceTree = "<group>"; };
		9AEE9B32293F99D90030CAA9 /* Info.plist */ = {isa = PBXFileReference; lastKnownFileType = text.plist.xml; path = Info.plist; sourceTree = "<group>"; };
		9AEE9B37293F99DA0030CAA9 /* GameCriticsAppTests.xctest */ = {isa = PBXFileReference; explicitFileType = wrapper.cfbundle; includeInIndex = 0; path = GameCriticsAppTests.xctest; sourceTree = BUILT_PRODUCTS_DIR; };
		9AEE9B3B293F99DA0030CAA9 /* GameCriticsAppTests.swift */ = {isa = PBXFileReference; lastKnownFileType = sourcecode.swift; path = GameCriticsAppTests.swift; sourceTree = "<group>"; };
		9AEE9B41293F99DA0030CAA9 /* GameCriticsAppUITests.xctest */ = {isa = PBXFileReference; explicitFileType = wrapper.cfbundle; includeInIndex = 0; path = GameCriticsAppUITests.xctest; sourceTree = BUILT_PRODUCTS_DIR; };
		9AEE9B45293F99DA0030CAA9 /* GameCriticsAppUITests.swift */ = {isa = PBXFileReference; lastKnownFileType = sourcecode.swift; path = GameCriticsAppUITests.swift; sourceTree = "<group>"; };
		9AEE9B47293F99DA0030CAA9 /* GameCriticsAppUITestsLaunchTests.swift */ = {isa = PBXFileReference; lastKnownFileType = sourcecode.swift; path = GameCriticsAppUITestsLaunchTests.swift; sourceTree = "<group>"; };
		9AEE9B67293FA4C00030CAA9 /* GameListViewController.swift */ = {isa = PBXFileReference; lastKnownFileType = sourcecode.swift; path = GameListViewController.swift; sourceTree = "<group>"; };
		9AEE9B69293FAC270030CAA9 /* GameListTableViewCell.swift */ = {isa = PBXFileReference; lastKnownFileType = sourcecode.swift; path = GameListTableViewCell.swift; sourceTree = "<group>"; };
		9AFF90732948C8FF00EF8FC0 /* GetGameListResponseModel.swift */ = {isa = PBXFileReference; lastKnownFileType = sourcecode.swift; path = GetGameListResponseModel.swift; sourceTree = "<group>"; };
		9AFF90752948CB5700EF8FC0 /* GameDBClient.swift */ = {isa = PBXFileReference; lastKnownFileType = sourcecode.swift; path = GameDBClient.swift; sourceTree = "<group>"; };
		9AFF90772948CCBB00EF8FC0 /* Constants.swift */ = {isa = PBXFileReference; lastKnownFileType = sourcecode.swift; path = Constants.swift; sourceTree = "<group>"; };
		9AFF90792948CDC800EF8FC0 /* GameDetailModel.swift */ = {isa = PBXFileReference; lastKnownFileType = sourcecode.swift; path = GameDetailModel.swift; sourceTree = "<group>"; };
		9AFF907B2948D09500EF8FC0 /* GameListViewModel.swift */ = {isa = PBXFileReference; lastKnownFileType = sourcecode.swift; path = GameListViewModel.swift; sourceTree = "<group>"; };
		9AFF907F2948E16F00EF8FC0 /* GameDetailViewController.swift */ = {isa = PBXFileReference; lastKnownFileType = sourcecode.swift; path = GameDetailViewController.swift; sourceTree = "<group>"; };
		A841B26AC16995629D721CB4 /* Pods_GameCriticsApp.framework */ = {isa = PBXFileReference; explicitFileType = wrapper.framework; includeInIndex = 0; path = Pods_GameCriticsApp.framework; sourceTree = BUILT_PRODUCTS_DIR; };
		DBC2F5636CC08B6957CFB734 /* Pods-GameCriticsAppTests.release.xcconfig */ = {isa = PBXFileReference; includeInIndex = 1; lastKnownFileType = text.xcconfig; name = "Pods-GameCriticsAppTests.release.xcconfig"; path = "Target Support Files/Pods-GameCriticsAppTests/Pods-GameCriticsAppTests.release.xcconfig"; sourceTree = "<group>"; };
		F9DACD1BA340E7629B9E2024 /* Pods_GameCriticsApp_GameCriticsAppUITests.framework */ = {isa = PBXFileReference; explicitFileType = wrapper.framework; includeInIndex = 0; path = Pods_GameCriticsApp_GameCriticsAppUITests.framework; sourceTree = BUILT_PRODUCTS_DIR; };
		FD7084CF637379C47ABD2E8F /* Pods-GameCriticsApp-GameCriticsAppUITests.release.xcconfig */ = {isa = PBXFileReference; includeInIndex = 1; lastKnownFileType = text.xcconfig; name = "Pods-GameCriticsApp-GameCriticsAppUITests.release.xcconfig"; path = "Target Support Files/Pods-GameCriticsApp-GameCriticsAppUITests/Pods-GameCriticsApp-GameCriticsAppUITests.release.xcconfig"; sourceTree = "<group>"; };
/* End PBXFileReference section */

/* Begin PBXFrameworksBuildPhase section */
		9AEE9B1B293F99D80030CAA9 /* Frameworks */ = {
			isa = PBXFrameworksBuildPhase;
			buildActionMask = 2147483647;
			files = (
				B01476E8AEE41ACABBF3C492 /* Pods_GameCriticsApp.framework in Frameworks */,
			);
			runOnlyForDeploymentPostprocessing = 0;
		};
		9AEE9B34293F99DA0030CAA9 /* Frameworks */ = {
			isa = PBXFrameworksBuildPhase;
			buildActionMask = 2147483647;
			files = (
				A9F525ED0584B595DE699144 /* Pods_GameCriticsAppTests.framework in Frameworks */,
			);
			runOnlyForDeploymentPostprocessing = 0;
		};
		9AEE9B3E293F99DA0030CAA9 /* Frameworks */ = {
			isa = PBXFrameworksBuildPhase;
			buildActionMask = 2147483647;
			files = (
				B0B3E4AE760175AFBB98092E /* Pods_GameCriticsApp_GameCriticsAppUITests.framework in Frameworks */,
			);
			runOnlyForDeploymentPostprocessing = 0;
		};
/* End PBXFrameworksBuildPhase section */

/* Begin PBXGroup section */
		4F63DF048A62C9B055E3855F /* Pods */ = {
			isa = PBXGroup;
			children = (
				88EA0384E7EA6CC9FCBF141D /* Pods-GameCriticsApp.debug.xcconfig */,
				0F43C9843EB0DC5E134AA42C /* Pods-GameCriticsApp.release.xcconfig */,
				02E78E7A9E5E5916228B4EC7 /* Pods-GameCriticsApp-GameCriticsAppUITests.debug.xcconfig */,
				FD7084CF637379C47ABD2E8F /* Pods-GameCriticsApp-GameCriticsAppUITests.release.xcconfig */,
				975AEB2B44EE28F05E42AC2A /* Pods-GameCriticsAppTests.debug.xcconfig */,
				DBC2F5636CC08B6957CFB734 /* Pods-GameCriticsAppTests.release.xcconfig */,
			);
			path = Pods;
			sourceTree = "<group>";
		};
		9AEE9B15293F99D80030CAA9 = {
			isa = PBXGroup;
			children = (
				9AEE9B20293F99D80030CAA9 /* GameCriticsApp */,
				9AEE9B3A293F99DA0030CAA9 /* GameCriticsAppTests */,
				9AEE9B44293F99DA0030CAA9 /* GameCriticsAppUITests */,
				9AEE9B1F293F99D80030CAA9 /* Products */,
				4F63DF048A62C9B055E3855F /* Pods */,
				FE38908C0239BD2669B1E4C4 /* Frameworks */,
			);
			sourceTree = "<group>";
		};
		9AEE9B1F293F99D80030CAA9 /* Products */ = {
			isa = PBXGroup;
			children = (
				9AEE9B1E293F99D80030CAA9 /* GameCriticsApp.app */,
				9AEE9B37293F99DA0030CAA9 /* GameCriticsAppTests.xctest */,
				9AEE9B41293F99DA0030CAA9 /* GameCriticsAppUITests.xctest */,
			);
			name = Products;
			sourceTree = "<group>";
		};
		9AEE9B20293F99D80030CAA9 /* GameCriticsApp */ = {
			isa = PBXGroup;
			children = (
				9AEE9B56293F9FDC0030CAA9 /* Core */,
				9AEE9B55293F9FD90030CAA9 /* App */,
				9AEE9B57293F9FE00030CAA9 /* Scene */,
				9AEE9B32293F99D90030CAA9 /* Info.plist */,
				9AEE9B2A293F99D80030CAA9 /* GameCriticsApp.xcdatamodeld */,
			);
			path = GameCriticsApp;
			sourceTree = "<group>";
		};
		9AEE9B3A293F99DA0030CAA9 /* GameCriticsAppTests */ = {
			isa = PBXGroup;
			children = (
				9AEE9B3B293F99DA0030CAA9 /* GameCriticsAppTests.swift */,
			);
			path = GameCriticsAppTests;
			sourceTree = "<group>";
		};
		9AEE9B44293F99DA0030CAA9 /* GameCriticsAppUITests */ = {
			isa = PBXGroup;
			children = (
				9AEE9B45293F99DA0030CAA9 /* GameCriticsAppUITests.swift */,
				9AEE9B47293F99DA0030CAA9 /* GameCriticsAppUITestsLaunchTests.swift */,
			);
			path = GameCriticsAppUITests;
			sourceTree = "<group>";
		};
		9AEE9B55293F9FD90030CAA9 /* App */ = {
			isa = PBXGroup;
			children = (
				9AEE9B2D293F99D90030CAA9 /* Assets.xcassets */,
				9AEE9B21293F99D80030CAA9 /* AppDelegate.swift */,
				9AEE9B23293F99D80030CAA9 /* SceneDelegate.swift */,
				9AEE9B27293F99D80030CAA9 /* Main.storyboard */,
				9AEE9B2F293F99D90030CAA9 /* LaunchScreen.storyboard */,
				9AFF90772948CCBB00EF8FC0 /* Constants.swift */,
			);
			path = App;
			sourceTree = "<group>";
		};
		9AEE9B56293F9FDC0030CAA9 /* Core */ = {
			isa = PBXGroup;
			children = (
				9AFF90752948CB5700EF8FC0 /* GameDBClient.swift */,
			);
			path = Core;
			sourceTree = "<group>";
		};
		9AEE9B57293F9FE00030CAA9 /* Scene */ = {
			isa = PBXGroup;
			children = (
				9AEE9B58293FA0460030CAA9 /* GameCriticsList */,
				9AEE9B59293FA0510030CAA9 /* GameCriticsDetail */,
				9AEE9B5A293FA0A40030CAA9 /* GameCriticsNewEntry */,
			);
			path = Scene;
			sourceTree = "<group>";
		};
		9AEE9B58293FA0460030CAA9 /* GameCriticsList */ = {
			isa = PBXGroup;
			children = (
				9AEE9B5C293FA0D50030CAA9 /* Model */,
				9AEE9B5E293FA0E40030CAA9 /* View */,
				9AEE9B5D293FA0D90030CAA9 /* ViewModel */,
				9AEE9B5B293FA0CF0030CAA9 /* Controller */,
			);
			path = GameCriticsList;
			sourceTree = "<group>";
		};
		9AEE9B59293FA0510030CAA9 /* GameCriticsDetail */ = {
			isa = PBXGroup;
			children = (
				9AEE9B62293FA0FD0030CAA9 /* Controller */,
				9AEE9B61293FA0F40030CAA9 /* Model */,
				9AEE9B60293FA0EF0030CAA9 /* ViewModel */,
				9AEE9B5F293FA0EA0030CAA9 /* View */,
			);
			path = GameCriticsDetail;
			sourceTree = "<group>";
		};
		9AEE9B5A293FA0A40030CAA9 /* GameCriticsNewEntry */ = {
			isa = PBXGroup;
			children = (
				9AEE9B66293FA1250030CAA9 /* Model */,
				9AEE9B65293FA11F0030CAA9 /* Controller */,
				9AEE9B64293FA11A0030CAA9 /* ViewModel */,
				9AEE9B63293FA1150030CAA9 /* View */,
			);
			path = GameCriticsNewEntry;
			sourceTree = "<group>";
		};
		9AEE9B5B293FA0CF0030CAA9 /* Controller */ = {
			isa = PBXGroup;
			children = (
				9AEE9B67293FA4C00030CAA9 /* GameListViewController.swift */,
			);
			path = Controller;
			sourceTree = "<group>";
		};
		9AEE9B5C293FA0D50030CAA9 /* Model */ = {
			isa = PBXGroup;
			children = (
				9A774F852947A09100974979 /* GameListModel.swift */,
				9AFF90732948C8FF00EF8FC0 /* GetGameListResponseModel.swift */,
			);
			path = Model;
			sourceTree = "<group>";
		};
		9AEE9B5D293FA0D90030CAA9 /* ViewModel */ = {
			isa = PBXGroup;
			children = (
				9AFF907B2948D09500EF8FC0 /* GameListViewModel.swift */,
			);
			path = ViewModel;
			sourceTree = "<group>";
		};
		9AEE9B5E293FA0E40030CAA9 /* View */ = {
			isa = PBXGroup;
			children = (
				9AEE9B69293FAC270030CAA9 /* GameListTableViewCell.swift */,
			);
			path = View;
			sourceTree = "<group>";
		};
		9AEE9B5F293FA0EA0030CAA9 /* View */ = {
			isa = PBXGroup;
			children = (
			);
			path = View;
			sourceTree = "<group>";
		};
		9AEE9B60293FA0EF0030CAA9 /* ViewModel */ = {
			isa = PBXGroup;
			children = (
			);
			path = ViewModel;
			sourceTree = "<group>";
		};
		9AEE9B61293FA0F40030CAA9 /* Model */ = {
			isa = PBXGroup;
			children = (
				9AFF90792948CDC800EF8FC0 /* GameDetailModel.swift */,
			);
			path = Model;
			sourceTree = "<group>";
		};
		9AEE9B62293FA0FD0030CAA9 /* Controller */ = {
			isa = PBXGroup;
			children = (
				9AFF907F2948E16F00EF8FC0 /* GameDetailViewController.swift */,
			);
			path = Controller;
			sourceTree = "<group>";
		};
		9AEE9B63293FA1150030CAA9 /* View */ = {
			isa = PBXGroup;
			children = (
			);
			path = View;
			sourceTree = "<group>";
		};
		9AEE9B64293FA11A0030CAA9 /* ViewModel */ = {
			isa = PBXGroup;
			children = (
			);
			path = ViewModel;
			sourceTree = "<group>";
		};
		9AEE9B65293FA11F0030CAA9 /* Controller */ = {
			isa = PBXGroup;
			children = (
			);
			path = Controller;
			sourceTree = "<group>";
		};
		9AEE9B66293FA1250030CAA9 /* Model */ = {
			isa = PBXGroup;
			children = (
			);
			path = Model;
			sourceTree = "<group>";
		};
		FE38908C0239BD2669B1E4C4 /* Frameworks */ = {
			isa = PBXGroup;
			children = (
				A841B26AC16995629D721CB4 /* Pods_GameCriticsApp.framework */,
				F9DACD1BA340E7629B9E2024 /* Pods_GameCriticsApp_GameCriticsAppUITests.framework */,
				26230C1D9A466F5A6A5600EE /* Pods_GameCriticsAppTests.framework */,
			);
			name = Frameworks;
			sourceTree = "<group>";
		};
/* End PBXGroup section */

/* Begin PBXNativeTarget section */
		9AEE9B1D293F99D80030CAA9 /* GameCriticsApp */ = {
			isa = PBXNativeTarget;
			buildConfigurationList = 9AEE9B4B293F99DA0030CAA9 /* Build configuration list for PBXNativeTarget "GameCriticsApp" */;
			buildPhases = (
				48613390A40ECD3BE38DA237 /* [CP] Check Pods Manifest.lock */,
				9AEE9B1A293F99D80030CAA9 /* Sources */,
				9AEE9B1B293F99D80030CAA9 /* Frameworks */,
				9AEE9B1C293F99D80030CAA9 /* Resources */,
				519DA130A792728068BBACF2 /* [CP] Embed Pods Frameworks */,
			);
			buildRules = (
			);
			dependencies = (
			);
			name = GameCriticsApp;
			productName = GameCriticsApp;
			productReference = 9AEE9B1E293F99D80030CAA9 /* GameCriticsApp.app */;
			productType = "com.apple.product-type.application";
		};
		9AEE9B36293F99DA0030CAA9 /* GameCriticsAppTests */ = {
			isa = PBXNativeTarget;
			buildConfigurationList = 9AEE9B4E293F99DA0030CAA9 /* Build configuration list for PBXNativeTarget "GameCriticsAppTests" */;
			buildPhases = (
				6A2B51E0A805EFF957256AC1 /* [CP] Check Pods Manifest.lock */,
				9AEE9B33293F99DA0030CAA9 /* Sources */,
				9AEE9B34293F99DA0030CAA9 /* Frameworks */,
				9AEE9B35293F99DA0030CAA9 /* Resources */,
			);
			buildRules = (
			);
			dependencies = (
				9AEE9B39293F99DA0030CAA9 /* PBXTargetDependency */,
			);
			name = GameCriticsAppTests;
			productName = GameCriticsAppTests;
			productReference = 9AEE9B37293F99DA0030CAA9 /* GameCriticsAppTests.xctest */;
			productType = "com.apple.product-type.bundle.unit-test";
		};
		9AEE9B40293F99DA0030CAA9 /* GameCriticsAppUITests */ = {
			isa = PBXNativeTarget;
			buildConfigurationList = 9AEE9B51293F99DA0030CAA9 /* Build configuration list for PBXNativeTarget "GameCriticsAppUITests" */;
			buildPhases = (
				CDF7AEE50C66D32BBA1ABB18 /* [CP] Check Pods Manifest.lock */,
				9AEE9B3D293F99DA0030CAA9 /* Sources */,
				9AEE9B3E293F99DA0030CAA9 /* Frameworks */,
				9AEE9B3F293F99DA0030CAA9 /* Resources */,
				D225DC4828F046978B5A7236 /* [CP] Embed Pods Frameworks */,
			);
			buildRules = (
			);
			dependencies = (
				9AEE9B43293F99DA0030CAA9 /* PBXTargetDependency */,
			);
			name = GameCriticsAppUITests;
			productName = GameCriticsAppUITests;
			productReference = 9AEE9B41293F99DA0030CAA9 /* GameCriticsAppUITests.xctest */;
			productType = "com.apple.product-type.bundle.ui-testing";
		};
/* End PBXNativeTarget section */

/* Begin PBXProject section */
		9AEE9B16293F99D80030CAA9 /* Project object */ = {
			isa = PBXProject;
			attributes = {
				BuildIndependentTargetsInParallel = 1;
				LastSwiftUpdateCheck = 1410;
				LastUpgradeCheck = 1410;
				TargetAttributes = {
					9AEE9B1D293F99D80030CAA9 = {
						CreatedOnToolsVersion = 14.1;
					};
					9AEE9B36293F99DA0030CAA9 = {
						CreatedOnToolsVersion = 14.1;
						TestTargetID = 9AEE9B1D293F99D80030CAA9;
					};
					9AEE9B40293F99DA0030CAA9 = {
						CreatedOnToolsVersion = 14.1;
						TestTargetID = 9AEE9B1D293F99D80030CAA9;
					};
				};
			};
			buildConfigurationList = 9AEE9B19293F99D80030CAA9 /* Build configuration list for PBXProject "GameCriticsApp" */;
			compatibilityVersion = "Xcode 13.0";
			developmentRegion = en;
			hasScannedForEncodings = 0;
			knownRegions = (
				en,
				Base,
			);
			mainGroup = 9AEE9B15293F99D80030CAA9;
			productRefGroup = 9AEE9B1F293F99D80030CAA9 /* Products */;
			projectDirPath = "";
			projectRoot = "";
			targets = (
				9AEE9B1D293F99D80030CAA9 /* GameCriticsApp */,
				9AEE9B36293F99DA0030CAA9 /* GameCriticsAppTests */,
				9AEE9B40293F99DA0030CAA9 /* GameCriticsAppUITests */,
			);
		};
/* End PBXProject section */

/* Begin PBXResourcesBuildPhase section */
		9AEE9B1C293F99D80030CAA9 /* Resources */ = {
			isa = PBXResourcesBuildPhase;
			buildActionMask = 2147483647;
			files = (
				9AEE9B31293F99D90030CAA9 /* LaunchScreen.storyboard in Resources */,
				9AEE9B2E293F99D90030CAA9 /* Assets.xcassets in Resources */,
				9AEE9B29293F99D80030CAA9 /* Main.storyboard in Resources */,
			);
			runOnlyForDeploymentPostprocessing = 0;
		};
		9AEE9B35293F99DA0030CAA9 /* Resources */ = {
			isa = PBXResourcesBuildPhase;
			buildActionMask = 2147483647;
			files = (
			);
			runOnlyForDeploymentPostprocessing = 0;
		};
		9AEE9B3F293F99DA0030CAA9 /* Resources */ = {
			isa = PBXResourcesBuildPhase;
			buildActionMask = 2147483647;
			files = (
			);
			runOnlyForDeploymentPostprocessing = 0;
		};
/* End PBXResourcesBuildPhase section */

/* Begin PBXShellScriptBuildPhase section */
		48613390A40ECD3BE38DA237 /* [CP] Check Pods Manifest.lock */ = {
			isa = PBXShellScriptBuildPhase;
			buildActionMask = 2147483647;
			files = (
			);
			inputFileListPaths = (
			);
			inputPaths = (
				"${PODS_PODFILE_DIR_PATH}/Podfile.lock",
				"${PODS_ROOT}/Manifest.lock",
			);
			name = "[CP] Check Pods Manifest.lock";
			outputFileListPaths = (
			);
			outputPaths = (
				"$(DERIVED_FILE_DIR)/Pods-GameCriticsApp-checkManifestLockResult.txt",
			);
			runOnlyForDeploymentPostprocessing = 0;
			shellPath = /bin/sh;
			shellScript = "diff \"${PODS_PODFILE_DIR_PATH}/Podfile.lock\" \"${PODS_ROOT}/Manifest.lock\" > /dev/null\nif [ $? != 0 ] ; then\n    # print error to STDERR\n    echo \"error: The sandbox is not in sync with the Podfile.lock. Run 'pod install' or update your CocoaPods installation.\" >&2\n    exit 1\nfi\n# This output is used by Xcode 'outputs' to avoid re-running this script phase.\necho \"SUCCESS\" > \"${SCRIPT_OUTPUT_FILE_0}\"\n";
			showEnvVarsInLog = 0;
		};
		519DA130A792728068BBACF2 /* [CP] Embed Pods Frameworks */ = {
			isa = PBXShellScriptBuildPhase;
			buildActionMask = 2147483647;
			files = (
			);
			inputFileListPaths = (
				"${PODS_ROOT}/Target Support Files/Pods-GameCriticsApp/Pods-GameCriticsApp-frameworks-${CONFIGURATION}-input-files.xcfilelist",
			);
			name = "[CP] Embed Pods Frameworks";
			outputFileListPaths = (
				"${PODS_ROOT}/Target Support Files/Pods-GameCriticsApp/Pods-GameCriticsApp-frameworks-${CONFIGURATION}-output-files.xcfilelist",
			);
			runOnlyForDeploymentPostprocessing = 0;
			shellPath = /bin/sh;
			shellScript = "\"${PODS_ROOT}/Target Support Files/Pods-GameCriticsApp/Pods-GameCriticsApp-frameworks.sh\"\n";
			showEnvVarsInLog = 0;
		};
		6A2B51E0A805EFF957256AC1 /* [CP] Check Pods Manifest.lock */ = {
			isa = PBXShellScriptBuildPhase;
			buildActionMask = 2147483647;
			files = (
			);
			inputFileListPaths = (
			);
			inputPaths = (
				"${PODS_PODFILE_DIR_PATH}/Podfile.lock",
				"${PODS_ROOT}/Manifest.lock",
			);
			name = "[CP] Check Pods Manifest.lock";
			outputFileListPaths = (
			);
			outputPaths = (
				"$(DERIVED_FILE_DIR)/Pods-GameCriticsAppTests-checkManifestLockResult.txt",
			);
			runOnlyForDeploymentPostprocessing = 0;
			shellPath = /bin/sh;
			shellScript = "diff \"${PODS_PODFILE_DIR_PATH}/Podfile.lock\" \"${PODS_ROOT}/Manifest.lock\" > /dev/null\nif [ $? != 0 ] ; then\n    # print error to STDERR\n    echo \"error: The sandbox is not in sync with the Podfile.lock. Run 'pod install' or update your CocoaPods installation.\" >&2\n    exit 1\nfi\n# This output is used by Xcode 'outputs' to avoid re-running this script phase.\necho \"SUCCESS\" > \"${SCRIPT_OUTPUT_FILE_0}\"\n";
			showEnvVarsInLog = 0;
		};
		CDF7AEE50C66D32BBA1ABB18 /* [CP] Check Pods Manifest.lock */ = {
			isa = PBXShellScriptBuildPhase;
			buildActionMask = 2147483647;
			files = (
			);
			inputFileListPaths = (
			);
			inputPaths = (
				"${PODS_PODFILE_DIR_PATH}/Podfile.lock",
				"${PODS_ROOT}/Manifest.lock",
			);
			name = "[CP] Check Pods Manifest.lock";
			outputFileListPaths = (
			);
			outputPaths = (
				"$(DERIVED_FILE_DIR)/Pods-GameCriticsApp-GameCriticsAppUITests-checkManifestLockResult.txt",
			);
			runOnlyForDeploymentPostprocessing = 0;
			shellPath = /bin/sh;
			shellScript = "diff \"${PODS_PODFILE_DIR_PATH}/Podfile.lock\" \"${PODS_ROOT}/Manifest.lock\" > /dev/null\nif [ $? != 0 ] ; then\n    # print error to STDERR\n    echo \"error: The sandbox is not in sync with the Podfile.lock. Run 'pod install' or update your CocoaPods installation.\" >&2\n    exit 1\nfi\n# This output is used by Xcode 'outputs' to avoid re-running this script phase.\necho \"SUCCESS\" > \"${SCRIPT_OUTPUT_FILE_0}\"\n";
			showEnvVarsInLog = 0;
		};
		D225DC4828F046978B5A7236 /* [CP] Embed Pods Frameworks */ = {
			isa = PBXShellScriptBuildPhase;
			buildActionMask = 2147483647;
			files = (
			);
			inputFileListPaths = (
				"${PODS_ROOT}/Target Support Files/Pods-GameCriticsApp-GameCriticsAppUITests/Pods-GameCriticsApp-GameCriticsAppUITests-frameworks-${CONFIGURATION}-input-files.xcfilelist",
			);
			name = "[CP] Embed Pods Frameworks";
			outputFileListPaths = (
				"${PODS_ROOT}/Target Support Files/Pods-GameCriticsApp-GameCriticsAppUITests/Pods-GameCriticsApp-GameCriticsAppUITests-frameworks-${CONFIGURATION}-output-files.xcfilelist",
			);
			runOnlyForDeploymentPostprocessing = 0;
			shellPath = /bin/sh;
			shellScript = "\"${PODS_ROOT}/Target Support Files/Pods-GameCriticsApp-GameCriticsAppUITests/Pods-GameCriticsApp-GameCriticsAppUITests-frameworks.sh\"\n";
			showEnvVarsInLog = 0;
		};
/* End PBXShellScriptBuildPhase section */

/* Begin PBXSourcesBuildPhase section */
		9AEE9B1A293F99D80030CAA9 /* Sources */ = {
			isa = PBXSourcesBuildPhase;
			buildActionMask = 2147483647;
			files = (
				9AEE9B68293FA4C00030CAA9 /* GameListViewController.swift in Sources */,
				9AFF90802948E16F00EF8FC0 /* GameDetailViewController.swift in Sources */,
				9AEE9B22293F99D80030CAA9 /* AppDelegate.swift in Sources */,
				9AEE9B24293F99D80030CAA9 /* SceneDelegate.swift in Sources */,
				9A774F862947A09100974979 /* GameListModel.swift in Sources */,
				9AFF907A2948CDC800EF8FC0 /* GameDetailModel.swift in Sources */,
				9AFF907C2948D09500EF8FC0 /* GameListViewModel.swift in Sources */,
				9AFF90762948CB5700EF8FC0 /* GameDBClient.swift in Sources */,
				9AFF90742948C8FF00EF8FC0 /* GetGameListResponseModel.swift in Sources */,
				9AEE9B6B293FAC280030CAA9 /* GameListTableViewCell.swift in Sources */,
				9AEE9B2C293F99D80030CAA9 /* GameCriticsApp.xcdatamodeld in Sources */,
				9AFF90782948CCBB00EF8FC0 /* Constants.swift in Sources */,
			);
			runOnlyForDeploymentPostprocessing = 0;
		};
		9AEE9B33293F99DA0030CAA9 /* Sources */ = {
			isa = PBXSourcesBuildPhase;
			buildActionMask = 2147483647;
			files = (
				9AEE9B3C293F99DA0030CAA9 /* GameCriticsAppTests.swift in Sources */,
			);
			runOnlyForDeploymentPostprocessing = 0;
		};
		9AEE9B3D293F99DA0030CAA9 /* Sources */ = {
			isa = PBXSourcesBuildPhase;
			buildActionMask = 2147483647;
			files = (
				9AEE9B48293F99DA0030CAA9 /* GameCriticsAppUITestsLaunchTests.swift in Sources */,
				9AEE9B46293F99DA0030CAA9 /* GameCriticsAppUITests.swift in Sources */,
			);
			runOnlyForDeploymentPostprocessing = 0;
		};
/* End PBXSourcesBuildPhase section */

/* Begin PBXTargetDependency section */
		9AEE9B39293F99DA0030CAA9 /* PBXTargetDependency */ = {
			isa = PBXTargetDependency;
			target = 9AEE9B1D293F99D80030CAA9 /* GameCriticsApp */;
			targetProxy = 9AEE9B38293F99DA0030CAA9 /* PBXContainerItemProxy */;
		};
		9AEE9B43293F99DA0030CAA9 /* PBXTargetDependency */ = {
			isa = PBXTargetDependency;
			target = 9AEE9B1D293F99D80030CAA9 /* GameCriticsApp */;
			targetProxy = 9AEE9B42293F99DA0030CAA9 /* PBXContainerItemProxy */;
		};
/* End PBXTargetDependency section */

/* Begin PBXVariantGroup section */
		9AEE9B27293F99D80030CAA9 /* Main.storyboard */ = {
			isa = PBXVariantGroup;
			children = (
				9AEE9B28293F99D80030CAA9 /* Base */,
			);
			name = Main.storyboard;
			sourceTree = "<group>";
		};
		9AEE9B2F293F99D90030CAA9 /* LaunchScreen.storyboard */ = {
			isa = PBXVariantGroup;
			children = (
				9AEE9B30293F99D90030CAA9 /* Base */,
			);
			name = LaunchScreen.storyboard;
			sourceTree = "<group>";
		};
/* End PBXVariantGroup section */

/* Begin XCBuildConfiguration section */
		9AEE9B49293F99DA0030CAA9 /* Debug */ = {
			isa = XCBuildConfiguration;
			buildSettings = {
				ALWAYS_SEARCH_USER_PATHS = NO;
				CLANG_ANALYZER_NONNULL = YES;
				CLANG_ANALYZER_NUMBER_OBJECT_CONVERSION = YES_AGGRESSIVE;
				CLANG_CXX_LANGUAGE_STANDARD = "gnu++20";
				CLANG_ENABLE_MODULES = YES;
				CLANG_ENABLE_OBJC_ARC = YES;
				CLANG_ENABLE_OBJC_WEAK = YES;
				CLANG_WARN_BLOCK_CAPTURE_AUTORELEASING = YES;
				CLANG_WARN_BOOL_CONVERSION = YES;
				CLANG_WARN_COMMA = YES;
				CLANG_WARN_CONSTANT_CONVERSION = YES;
				CLANG_WARN_DEPRECATED_OBJC_IMPLEMENTATIONS = YES;
				CLANG_WARN_DIRECT_OBJC_ISA_USAGE = YES_ERROR;
				CLANG_WARN_DOCUMENTATION_COMMENTS = YES;
				CLANG_WARN_EMPTY_BODY = YES;
				CLANG_WARN_ENUM_CONVERSION = YES;
				CLANG_WARN_INFINITE_RECURSION = YES;
				CLANG_WARN_INT_CONVERSION = YES;
				CLANG_WARN_NON_LITERAL_NULL_CONVERSION = YES;
				CLANG_WARN_OBJC_IMPLICIT_RETAIN_SELF = YES;
				CLANG_WARN_OBJC_LITERAL_CONVERSION = YES;
				CLANG_WARN_OBJC_ROOT_CLASS = YES_ERROR;
				CLANG_WARN_QUOTED_INCLUDE_IN_FRAMEWORK_HEADER = YES;
				CLANG_WARN_RANGE_LOOP_ANALYSIS = YES;
				CLANG_WARN_STRICT_PROTOTYPES = YES;
				CLANG_WARN_SUSPICIOUS_MOVE = YES;
				CLANG_WARN_UNGUARDED_AVAILABILITY = YES_AGGRESSIVE;
				CLANG_WARN_UNREACHABLE_CODE = YES;
				CLANG_WARN__DUPLICATE_METHOD_MATCH = YES;
				COPY_PHASE_STRIP = NO;
				DEBUG_INFORMATION_FORMAT = dwarf;
				ENABLE_STRICT_OBJC_MSGSEND = YES;
				ENABLE_TESTABILITY = YES;
				GCC_C_LANGUAGE_STANDARD = gnu11;
				GCC_DYNAMIC_NO_PIC = NO;
				GCC_NO_COMMON_BLOCKS = YES;
				GCC_OPTIMIZATION_LEVEL = 0;
				GCC_PREPROCESSOR_DEFINITIONS = (
					"DEBUG=1",
					"$(inherited)",
				);
				GCC_WARN_64_TO_32_BIT_CONVERSION = YES;
				GCC_WARN_ABOUT_RETURN_TYPE = YES_ERROR;
				GCC_WARN_UNDECLARED_SELECTOR = YES;
				GCC_WARN_UNINITIALIZED_AUTOS = YES_AGGRESSIVE;
				GCC_WARN_UNUSED_FUNCTION = YES;
				GCC_WARN_UNUSED_VARIABLE = YES;
				IPHONEOS_DEPLOYMENT_TARGET = 16.1;
				MTL_ENABLE_DEBUG_INFO = INCLUDE_SOURCE;
				MTL_FAST_MATH = YES;
				ONLY_ACTIVE_ARCH = YES;
				SDKROOT = iphoneos;
				SWIFT_ACTIVE_COMPILATION_CONDITIONS = DEBUG;
				SWIFT_OPTIMIZATION_LEVEL = "-Onone";
			};
			name = Debug;
		};
		9AEE9B4A293F99DA0030CAA9 /* Release */ = {
			isa = XCBuildConfiguration;
			buildSettings = {
				ALWAYS_SEARCH_USER_PATHS = NO;
				CLANG_ANALYZER_NONNULL = YES;
				CLANG_ANALYZER_NUMBER_OBJECT_CONVERSION = YES_AGGRESSIVE;
				CLANG_CXX_LANGUAGE_STANDARD = "gnu++20";
				CLANG_ENABLE_MODULES = YES;
				CLANG_ENABLE_OBJC_ARC = YES;
				CLANG_ENABLE_OBJC_WEAK = YES;
				CLANG_WARN_BLOCK_CAPTURE_AUTORELEASING = YES;
				CLANG_WARN_BOOL_CONVERSION = YES;
				CLANG_WARN_COMMA = YES;
				CLANG_WARN_CONSTANT_CONVERSION = YES;
				CLANG_WARN_DEPRECATED_OBJC_IMPLEMENTATIONS = YES;
				CLANG_WARN_DIRECT_OBJC_ISA_USAGE = YES_ERROR;
				CLANG_WARN_DOCUMENTATION_COMMENTS = YES;
				CLANG_WARN_EMPTY_BODY = YES;
				CLANG_WARN_ENUM_CONVERSION = YES;
				CLANG_WARN_INFINITE_RECURSION = YES;
				CLANG_WARN_INT_CONVERSION = YES;
				CLANG_WARN_NON_LITERAL_NULL_CONVERSION = YES;
				CLANG_WARN_OBJC_IMPLICIT_RETAIN_SELF = YES;
				CLANG_WARN_OBJC_LITERAL_CONVERSION = YES;
				CLANG_WARN_OBJC_ROOT_CLASS = YES_ERROR;
				CLANG_WARN_QUOTED_INCLUDE_IN_FRAMEWORK_HEADER = YES;
				CLANG_WARN_RANGE_LOOP_ANALYSIS = YES;
				CLANG_WARN_STRICT_PROTOTYPES = YES;
				CLANG_WARN_SUSPICIOUS_MOVE = YES;
				CLANG_WARN_UNGUARDED_AVAILABILITY = YES_AGGRESSIVE;
				CLANG_WARN_UNREACHABLE_CODE = YES;
				CLANG_WARN__DUPLICATE_METHOD_MATCH = YES;
				COPY_PHASE_STRIP = NO;
				DEBUG_INFORMATION_FORMAT = "dwarf-with-dsym";
				ENABLE_NS_ASSERTIONS = NO;
				ENABLE_STRICT_OBJC_MSGSEND = YES;
				GCC_C_LANGUAGE_STANDARD = gnu11;
				GCC_NO_COMMON_BLOCKS = YES;
				GCC_WARN_64_TO_32_BIT_CONVERSION = YES;
				GCC_WARN_ABOUT_RETURN_TYPE = YES_ERROR;
				GCC_WARN_UNDECLARED_SELECTOR = YES;
				GCC_WARN_UNINITIALIZED_AUTOS = YES_AGGRESSIVE;
				GCC_WARN_UNUSED_FUNCTION = YES;
				GCC_WARN_UNUSED_VARIABLE = YES;
				IPHONEOS_DEPLOYMENT_TARGET = 16.1;
				MTL_ENABLE_DEBUG_INFO = NO;
				MTL_FAST_MATH = YES;
				SDKROOT = iphoneos;
				SWIFT_COMPILATION_MODE = wholemodule;
				SWIFT_OPTIMIZATION_LEVEL = "-O";
				VALIDATE_PRODUCT = YES;
			};
			name = Release;
		};
		9AEE9B4C293F99DA0030CAA9 /* Debug */ = {
			isa = XCBuildConfiguration;
			baseConfigurationReference = 88EA0384E7EA6CC9FCBF141D /* Pods-GameCriticsApp.debug.xcconfig */;
			buildSettings = {
				ASSETCATALOG_COMPILER_APPICON_NAME = AppIcon;
				ASSETCATALOG_COMPILER_GLOBAL_ACCENT_COLOR_NAME = AccentColor;
				CODE_SIGN_STYLE = Automatic;
				CURRENT_PROJECT_VERSION = 1;
				DEVELOPMENT_TEAM = 4Q883FA5XV;
				GENERATE_INFOPLIST_FILE = YES;
				INFOPLIST_FILE = GameCriticsApp/Info.plist;
				INFOPLIST_KEY_UIApplicationSupportsIndirectInputEvents = YES;
				INFOPLIST_KEY_UILaunchStoryboardName = LaunchScreen;
				INFOPLIST_KEY_UIMainStoryboardFile = Main;
				INFOPLIST_KEY_UISupportedInterfaceOrientations_iPad = "UIInterfaceOrientationPortrait UIInterfaceOrientationPortraitUpsideDown UIInterfaceOrientationLandscapeLeft UIInterfaceOrientationLandscapeRight";
				INFOPLIST_KEY_UISupportedInterfaceOrientations_iPhone = "UIInterfaceOrientationPortrait UIInterfaceOrientationLandscapeLeft UIInterfaceOrientationLandscapeRight";
				LD_RUNPATH_SEARCH_PATHS = (
					"$(inherited)",
					"@executable_path/Frameworks",
				);
				MARKETING_VERSION = 1.0;
				PRODUCT_BUNDLE_IDENTIFIER = com.emretekin.GameCriticsApp;
				PRODUCT_NAME = "$(TARGET_NAME)";
				SWIFT_EMIT_LOC_STRINGS = YES;
				SWIFT_VERSION = 5.0;
				TARGETED_DEVICE_FAMILY = "1,2";
			};
			name = Debug;
		};
		9AEE9B4D293F99DA0030CAA9 /* Release */ = {
			isa = XCBuildConfiguration;
			baseConfigurationReference = 0F43C9843EB0DC5E134AA42C /* Pods-GameCriticsApp.release.xcconfig */;
			buildSettings = {
				ASSETCATALOG_COMPILER_APPICON_NAME = AppIcon;
				ASSETCATALOG_COMPILER_GLOBAL_ACCENT_COLOR_NAME = AccentColor;
				CODE_SIGN_STYLE = Automatic;
				CURRENT_PROJECT_VERSION = 1;
				DEVELOPMENT_TEAM = 4Q883FA5XV;
				GENERATE_INFOPLIST_FILE = YES;
				INFOPLIST_FILE = GameCriticsApp/Info.plist;
				INFOPLIST_KEY_UIApplicationSupportsIndirectInputEvents = YES;
				INFOPLIST_KEY_UILaunchStoryboardName = LaunchScreen;
				INFOPLIST_KEY_UIMainStoryboardFile = Main;
				INFOPLIST_KEY_UISupportedInterfaceOrientations_iPad = "UIInterfaceOrientationPortrait UIInterfaceOrientationPortraitUpsideDown UIInterfaceOrientationLandscapeLeft UIInterfaceOrientationLandscapeRight";
				INFOPLIST_KEY_UISupportedInterfaceOrientations_iPhone = "UIInterfaceOrientationPortrait UIInterfaceOrientationLandscapeLeft UIInterfaceOrientationLandscapeRight";
				LD_RUNPATH_SEARCH_PATHS = (
					"$(inherited)",
					"@executable_path/Frameworks",
				);
				MARKETING_VERSION = 1.0;
				PRODUCT_BUNDLE_IDENTIFIER = com.emretekin.GameCriticsApp;
				PRODUCT_NAME = "$(TARGET_NAME)";
				SWIFT_EMIT_LOC_STRINGS = YES;
				SWIFT_VERSION = 5.0;
				TARGETED_DEVICE_FAMILY = "1,2";
			};
			name = Release;
		};
		9AEE9B4F293F99DA0030CAA9 /* Debug */ = {
			isa = XCBuildConfiguration;
			baseConfigurationReference = 975AEB2B44EE28F05E42AC2A /* Pods-GameCriticsAppTests.debug.xcconfig */;
			buildSettings = {
				ALWAYS_EMBED_SWIFT_STANDARD_LIBRARIES = YES;
				BUNDLE_LOADER = "$(TEST_HOST)";
				CODE_SIGN_STYLE = Automatic;
				CURRENT_PROJECT_VERSION = 1;
				DEVELOPMENT_TEAM = 4Q883FA5XV;
				GENERATE_INFOPLIST_FILE = YES;
				IPHONEOS_DEPLOYMENT_TARGET = 16.1;
				MARKETING_VERSION = 1.0;
				PRODUCT_BUNDLE_IDENTIFIER = com.emretekin.GameCriticsAppTests;
				PRODUCT_NAME = "$(TARGET_NAME)";
				SWIFT_EMIT_LOC_STRINGS = NO;
				SWIFT_VERSION = 5.0;
				TARGETED_DEVICE_FAMILY = "1,2";
				TEST_HOST = "$(BUILT_PRODUCTS_DIR)/GameCriticsApp.app/$(BUNDLE_EXECUTABLE_FOLDER_PATH)/GameCriticsApp";
			};
			name = Debug;
		};
		9AEE9B50293F99DA0030CAA9 /* Release */ = {
			isa = XCBuildConfiguration;
			baseConfigurationReference = DBC2F5636CC08B6957CFB734 /* Pods-GameCriticsAppTests.release.xcconfig */;
			buildSettings = {
				ALWAYS_EMBED_SWIFT_STANDARD_LIBRARIES = YES;
				BUNDLE_LOADER = "$(TEST_HOST)";
				CODE_SIGN_STYLE = Automatic;
				CURRENT_PROJECT_VERSION = 1;
				DEVELOPMENT_TEAM = 4Q883FA5XV;
				GENERATE_INFOPLIST_FILE = YES;
				IPHONEOS_DEPLOYMENT_TARGET = 16.1;
				MARKETING_VERSION = 1.0;
				PRODUCT_BUNDLE_IDENTIFIER = com.emretekin.GameCriticsAppTests;
				PRODUCT_NAME = "$(TARGET_NAME)";
				SWIFT_EMIT_LOC_STRINGS = NO;
				SWIFT_VERSION = 5.0;
				TARGETED_DEVICE_FAMILY = "1,2";
				TEST_HOST = "$(BUILT_PRODUCTS_DIR)/GameCriticsApp.app/$(BUNDLE_EXECUTABLE_FOLDER_PATH)/GameCriticsApp";
			};
			name = Release;
		};
		9AEE9B52293F99DA0030CAA9 /* Debug */ = {
			isa = XCBuildConfiguration;
			baseConfigurationReference = 02E78E7A9E5E5916228B4EC7 /* Pods-GameCriticsApp-GameCriticsAppUITests.debug.xcconfig */;
			buildSettings = {
				ALWAYS_EMBED_SWIFT_STANDARD_LIBRARIES = YES;
				CODE_SIGN_STYLE = Automatic;
				CURRENT_PROJECT_VERSION = 1;
				DEVELOPMENT_TEAM = 4Q883FA5XV;
				GENERATE_INFOPLIST_FILE = YES;
				MARKETING_VERSION = 1.0;
				PRODUCT_BUNDLE_IDENTIFIER = com.emretekin.GameCriticsAppUITests;
				PRODUCT_NAME = "$(TARGET_NAME)";
				SWIFT_EMIT_LOC_STRINGS = NO;
				SWIFT_VERSION = 5.0;
				TARGETED_DEVICE_FAMILY = "1,2";
				TEST_TARGET_NAME = GameCriticsApp;
			};
			name = Debug;
		};
		9AEE9B53293F99DA0030CAA9 /* Release */ = {
			isa = XCBuildConfiguration;
			baseConfigurationReference = FD7084CF637379C47ABD2E8F /* Pods-GameCriticsApp-GameCriticsAppUITests.release.xcconfig */;
			buildSettings = {
				ALWAYS_EMBED_SWIFT_STANDARD_LIBRARIES = YES;
				CODE_SIGN_STYLE = Automatic;
				CURRENT_PROJECT_VERSION = 1;
				DEVELOPMENT_TEAM = 4Q883FA5XV;
				GENERATE_INFOPLIST_FILE = YES;
				MARKETING_VERSION = 1.0;
				PRODUCT_BUNDLE_IDENTIFIER = com.emretekin.GameCriticsAppUITests;
				PRODUCT_NAME = "$(TARGET_NAME)";
				SWIFT_EMIT_LOC_STRINGS = NO;
				SWIFT_VERSION = 5.0;
				TARGETED_DEVICE_FAMILY = "1,2";
				TEST_TARGET_NAME = GameCriticsApp;
			};
			name = Release;
		};
/* End XCBuildConfiguration section */

/* Begin XCConfigurationList section */
		9AEE9B19293F99D80030CAA9 /* Build configuration list for PBXProject "GameCriticsApp" */ = {
			isa = XCConfigurationList;
			buildConfigurations = (
				9AEE9B49293F99DA0030CAA9 /* Debug */,
				9AEE9B4A293F99DA0030CAA9 /* Release */,
			);
			defaultConfigurationIsVisible = 0;
			defaultConfigurationName = Release;
		};
		9AEE9B4B293F99DA0030CAA9 /* Build configuration list for PBXNativeTarget "GameCriticsApp" */ = {
			isa = XCConfigurationList;
			buildConfigurations = (
				9AEE9B4C293F99DA0030CAA9 /* Debug */,
				9AEE9B4D293F99DA0030CAA9 /* Release */,
			);
			defaultConfigurationIsVisible = 0;
			defaultConfigurationName = Release;
		};
		9AEE9B4E293F99DA0030CAA9 /* Build configuration list for PBXNativeTarget "GameCriticsAppTests" */ = {
			isa = XCConfigurationList;
			buildConfigurations = (
				9AEE9B4F293F99DA0030CAA9 /* Debug */,
				9AEE9B50293F99DA0030CAA9 /* Release */,
			);
			defaultConfigurationIsVisible = 0;
			defaultConfigurationName = Release;
		};
		9AEE9B51293F99DA0030CAA9 /* Build configuration list for PBXNativeTarget "GameCriticsAppUITests" */ = {
			isa = XCConfigurationList;
			buildConfigurations = (
				9AEE9B52293F99DA0030CAA9 /* Debug */,
				9AEE9B53293F99DA0030CAA9 /* Release */,
			);
			defaultConfigurationIsVisible = 0;
			defaultConfigurationName = Release;
		};
/* End XCConfigurationList section */

/* Begin XCVersionGroup section */
		9AEE9B2A293F99D80030CAA9 /* GameCriticsApp.xcdatamodeld */ = {
			isa = XCVersionGroup;
			children = (
				9AEE9B2B293F99D80030CAA9 /* GameCriticsApp.xcdatamodel */,
			);
			currentVersion = 9AEE9B2B293F99D80030CAA9 /* GameCriticsApp.xcdatamodel */;
			path = GameCriticsApp.xcdatamodeld;
			sourceTree = "<group>";
			versionGroupType = wrapper.xcdatamodel;
		};
/* End XCVersionGroup section */
	};
	rootObject = 9AEE9B16293F99D80030CAA9 /* Project object */;
}
